
Microsoft Visual Studio Solution File, Format Version 12.00
# Visual Studio Version 17
VisualStudioVersion = 17.14.36301.6 d17.14
MinimumVisualStudioVersion = 10.0.40219.1
Project("{FAE04EC0-301F-11D3-BF4B-00C04F79EFBC}") = "StudentManagement", "StudentManagement\StudentManagement.csproj", "{92CF0E06-3EAA-475C-93D3-E851006F243A}"
EndProject
Global
	GlobalSection(SolutionConfigurationPlatforms) = preSolution
		Debug|Any CPU = Debug|Any CPU
		Release|Any CPU = Release|Any CPU
	EndGlobalSection
	GlobalSection(ProjectConfigurationPlatforms) = postSolution
		{92CF0E06-3EAA-475C-93D3-E851006F243A}.Debug|Any CPU.ActiveCfg = Debug|Any CPU
		{92CF0E06-3EAA-475C-93D3-E851006F243A}.Debug|Any CPU.Build.0 = Debug|Any CPU
		{92CF0E06-3EAA-475C-93D3-E851006F243A}.Release|Any CPU.ActiveCfg = Release|Any CPU
		{92CF0E06-3EAA-475C-93D3-E851006F243A}.Release|Any CPU.Build.0 = Release|Any CPU
	EndGlobalSection
	GlobalSection(SolutionProperties) = preSolution
		HideSolutionNode = FALSE
	EndGlobalSection
	GlobalSection(ExtensibilityGlobals) = postSolution
		SolutionGuid = {D266959B-79FE-43EB-89AE-6F0A1E7D4595}
	EndGlobalSection
EndGlobal
